{
  "lockfile_version": "1",
  "packages": {
    "docker@27.4.0": {
      "last_modified": "2024-12-23T21:10:33Z",
      "resolved": "github:NixOS/nixpkgs/de1864217bfa9b5845f465e771e0ecb48b30e02d#docker",
      "source": "devbox-search",
      "version": "27.4.0",
      "systems": {
        "aarch64-darwin": {
          "outputs": [
            {
              "name": "out",
              "path": "/nix/store/7n11xx7xjvwkjs0q9xdh8lasdsgs6iv0-docker-27.4.0",
              "default": true
            }
          ],
          "store_path": "/nix/store/7n11xx7xjvwkjs0q9xdh8lasdsgs6iv0-docker-27.4.0"
        },
        "aarch64-linux": {
          "outputs": [
            {
              "name": "out",
              "path": "/nix/store/jmh7hgixqg65gr67wrlxd09xbaaz7hg4-docker-27.4.0",
              "default": true
            }
          ],
          "store_path": "/nix/store/jmh7hgixqg65gr67wrlxd09xbaaz7hg4-docker-27.4.0"
        },
        "x86_64-darwin": {
          "outputs": [
            {
              "name": "out",
              "path": "/nix/store/bhcp0wh03qwc5miagw2n3dmmiprp374w-docker-27.4.0",
              "default": true
            }
          ],
          "store_path": "/nix/store/bhcp0wh03qwc5miagw2n3dmmiprp374w-docker-27.4.0"
        },
        "x86_64-linux": {
          "outputs": [
            {
              "name": "out",
              "path": "/nix/store/p28dy32asfdvchsrzyqj8pn391vjas1n-docker-27.4.0",
              "default": true
            }
          ],
          "store_path": "/nix/store/p28dy32asfdvchsrzyqj8pn391vjas1n-docker-27.4.0"
        }
      }
    },
    "erlang_27@27.0.1": {
      "last_modified": "2024-10-18T06:41:56Z",
      "resolved": "github:NixOS/nixpkgs/c858402c2a629211153137fb8d39be9fde4694ff#erlang_27",
      "source": "devbox-search",
      "version": "27.0.1",
      "systems": {
        "aarch64-darwin": {
          "outputs": [
            {
              "name": "out",
              "path": "/nix/store/g1wfc87nxvnpai9zyqvrj309lqc00qy6-erlang-27.0.1",
              "default": true
            }
          ],
          "store_path": "/nix/store/g1wfc87nxvnpai9zyqvrj309lqc00qy6-erlang-27.0.1"
        },
        "aarch64-linux": {
          "outputs": [
            {
              "name": "out",
              "path": "/nix/store/lrydh468ynvxg7h55rz69wvi49kw1l3x-erlang-27.0.1",
              "default": true
            }
          ],
          "store_path": "/nix/store/lrydh468ynvxg7h55rz69wvi49kw1l3x-erlang-27.0.1"
        },
        "x86_64-darwin": {
          "outputs": [
            {
              "name": "out",
              "path": "/nix/store/skvwfjd9hmivqgcqhmcv1aggx71wyhza-erlang-27.0.1",
              "default": true
            }
          ],
          "store_path": "/nix/store/skvwfjd9hmivqgcqhmcv1aggx71wyhza-erlang-27.0.1"
        },
        "x86_64-linux": {
          "outputs": [
            {
              "name": "out",
              "path": "/nix/store/0ck6argq3bvfcl37vv0x7s26w8r8l40d-erlang-27.0.1",
              "default": true
            }
          ],
          "store_path": "/nix/store/0ck6argq3bvfcl37vv0x7s26w8r8l40d-erlang-27.0.1"
        }
      }
    },
    "gleam@1.6.3": {
      "last_modified": "2024-12-26T01:25:00Z",
      "resolved": "github:NixOS/nixpkgs/16e046229f3b4f53257973a5532bcbb72457d2f2#gleam",
      "source": "devbox-search",
      "version": "1.6.3",
      "systems": {
        "aarch64-darwin": {
          "outputs": [
            {
              "name": "out",
              "path": "/nix/store/797gzv4dc2sg41vwscsrq9342xiblv90-gleam-1.6.3",
              "default": true
            }
          ],
          "store_path": "/nix/store/797gzv4dc2sg41vwscsrq9342xiblv90-gleam-1.6.3"
        },
        "aarch64-linux": {
          "outputs": [
            {
              "name": "out",
              "path": "/nix/store/2dfdxz0g548hphf9rxxdjq4smnin6fwm-gleam-1.6.3",
              "default": true
            }
          ],
          "store_path": "/nix/store/2dfdxz0g548hphf9rxxdjq4smnin6fwm-gleam-1.6.3"
        },
        "x86_64-darwin": {
          "outputs": [
            {
              "name": "out",
              "path": "/nix/store/3l0bzw437g6sjm00cfrif40mmfxmpp8z-gleam-1.6.3",
              "default": true
            }
          ],
          "store_path": "/nix/store/3l0bzw437g6sjm00cfrif40mmfxmpp8z-gleam-1.6.3"
        },
        "x86_64-linux": {
          "outputs": [
            {
              "name": "out",
              "path": "/nix/store/69y1ywdr8n8lk7d9jzz9v7hfnxvr0ms8-gleam-1.6.3",
              "default": true
            }
          ],
          "store_path": "/nix/store/69y1ywdr8n8lk7d9jzz9v7hfnxvr0ms8-gleam-1.6.3"
        }
      }
    },
    "rebar3@3.24.0": {
      "last_modified": "2024-12-26T01:25:00Z",
      "resolved": "github:NixOS/nixpkgs/16e046229f3b4f53257973a5532bcbb72457d2f2#rebar3",
      "source": "devbox-search",
      "version": "3.24.0",
      "systems": {
        "aarch64-darwin": {
          "outputs": [
            {
              "name": "out",
              "path": "/nix/store/j8x4awhnv0jnbg5y3b7i61jphgl5ikp8-rebar3-3.24.0",
              "default": true
            }
          ],
          "store_path": "/nix/store/j8x4awhnv0jnbg5y3b7i61jphgl5ikp8-rebar3-3.24.0"
        },
        "aarch64-linux": {
          "outputs": [
            {
              "name": "out",
              "path": "/nix/store/iaj9f0501klpszxyzpzabfyf0lir3b3v-rebar3-3.24.0",
              "default": true
            }
          ],
          "store_path": "/nix/store/iaj9f0501klpszxyzpzabfyf0lir3b3v-rebar3-3.24.0"
        },
        "x86_64-darwin": {
          "outputs": [
            {
              "name": "out",
              "path": "/nix/store/xyha83p1q95zkwzflqf9iy5p7fi8539y-rebar3-3.24.0",
              "default": true
            }
          ],
          "store_path": "/nix/store/xyha83p1q95zkwzflqf9iy5p7fi8539y-rebar3-3.24.0"
        },
        "x86_64-linux": {
          "outputs": [
            {
              "name": "out",
              "path": "/nix/store/0320iwslqglskr2jmak6x5wq6sssybqa-rebar3-3.24.0",
              "default": true
            }
          ],
          "store_path": "/nix/store/0320iwslqglskr2jmak6x5wq6sssybqa-rebar3-3.24.0"
        }
      }
    }
  }
}
